{
  "source_commit": "ff719b2fb9f6f89ed3000625ca4112f51082a2e8",
  "working_tree_dirty": true,
  "generated_at": "2026-08-15T09:31:48Z",
  "scanned_scope": [
    "."
  ],
  "excluded_directories": [
    ".cache",
    ".git",
    ".hg",
    ".next",
    ".nuxt",
    ".pytest_cache",
    ".scratch",
    ".svn",
    ".turbo",
    ".venv",
    "__pycache__",
    "build",
    "coverage",
    "dist",
    "docs/codemap",
    "generated",
    "node_modules",
    "out",
    "target",
    "vendor",
    "venv"
  ],
  "fingerprint_algorithm": "sha256-path-content-v1",
  "modules": [
    {
      "id": ".",
      "path": ".",
      "file_count": 15,
      "fingerprint": "c8b579e1086b219aba3b1dbb796a45a389d2f6fe12b598dab50c0e2a163304bc"
    },
    {
      "id": ".github",
      "path": ".github",
      "file_count": 6,
      "fingerprint": "64274df544b5291feb758ef77c5008d588190cc341583bd841c08ce81abcafac"
    },
    {
      "id": ".vscode",
      "path": ".vscode",
      "file_count": 2,
      "fingerprint": "3af70a68fb1f90d301d8df3b3303b0addb61e4891fcec91577975810e2be1ac8"
    },
    {
      "id": "docs",
      "path": "docs",
      "file_count": 7,
      "fingerprint": "ee1f9f344cd0d595e1dde25f00335803b6ec85dade97d0b9d27efefd756b3446"
    },
    {
      "id": "logs",
      "path": "logs",
      "file_count": 1,
      "fingerprint": "4f1fa48926641c53daea99794f62944fe9d490a821eef5ae40b04451649fa136"
    },
    {
      "id": "plans",
      "path": "plans",
      "file_count": 24,
      "fingerprint": "6e46025da6dc666a07b15fdc3aeeec38b3a728f06158b03b280ce2907c6fa855"
    },
    {
      "id": "public",
      "path": "public",
      "file_count": 9,
      "fingerprint": "71918a9f33f660c4aecfc201ee2eb4a22361c7a21c6c1a65b1b5b97e8b612024"
    },
    {
      "id": "scripts",
      "path": "scripts",
      "file_count": 3,
      "fingerprint": "7da7d2503e04f4cdfc47546eee56a38533916a67d8cc3bb334c6b477d8310967"
    },
    {
      "id": "src",
      "path": "src",
      "file_count": 230,
      "fingerprint": "7c23e53ae25efd946723cc072e17c71e71ff66276f10f6283b35d37ec8cf6082"
    }
  ]
}
