{
  "source_commit": "f309ccc4cde8d6eed8be8a82d49abf266a1bbc98",
  "working_tree_dirty": true,
  "generated_at": "2026-09-05T06:00:00Z",
  "scanned_scope": [
    "."
  ],
  "excluded_directories": [
    ".agents",
    ".cache",
    ".git",
    ".hg",
    ".next",
    ".nuxt",
    ".obsidian",
    ".svn",
    ".turbo",
    ".venv",
    ".vscode",
    "__pycache__",
    "build",
    "coverage",
    "dist",
    "docs/codemap",
    "generated",
    "node_modules",
    "out",
    "target",
    "vendor",
    "venv"
  ],
  "fingerprint_algorithm": "sha256-path-content-v2",
  "modules": [
    {
      "id": ".",
      "path": ".",
      "file_count": 16,
      "fingerprint": "b051af5eef100d1320633fd242e8e97e21ef2e4811099e10c5977da9ce0d0557"
    },
    {
      "id": ".github",
      "path": ".github",
      "file_count": 7,
      "fingerprint": "b72b72047a5ea40578f792b50dab429bb75a5ec9b7bd5466c32adeb56817912b"
    },
    {
      "id": "docs",
      "path": "docs",
      "file_count": 6,
      "fingerprint": "c7d9438f15bf784d069b400e640177a5c97fb919e817ccd28235ff5e1e083685"
    },
    {
      "id": "public",
      "path": "public",
      "file_count": 9,
      "fingerprint": "565d58952d26c62395c5ffbf493372dc9c04d5175277868f4674f0d14a62ecd7"
    },
    {
      "id": "scripts",
      "path": "scripts",
      "file_count": 3,
      "fingerprint": "85a1bc46f4bd6a54bd6c6d5d6aa99b9557dc8637e3834f594bee214472d08912"
    },
    {
      "id": "src",
      "path": "src",
      "file_count": 231,
      "fingerprint": "93636f15c30f0af681b97c5fac969dbd96cd225bfbfc919d928d283635baf265"
    }
  ]
}
