{
  "current_commit": "d49b8e85bf2d44ab6e8e75380dac6c4f2cb70aeb",
  "working_tree_dirty": true,
  "generated_at": "2026-08-08T11:55:40Z",
  "scanned_scope": [
    "."
  ],
  "excluded_directories": [
    ".cache",
    ".git",
    ".hg",
    ".next",
    ".nuxt",
    ".svn",
    ".turbo",
    ".venv",
    "__pycache__",
    "build",
    "coverage",
    "dist",
    "docs/codemap",
    "generated",
    "node_modules",
    "out",
    "target",
    "vendor",
    "venv"
  ],
  "fingerprint_algorithm": "sha256-path-content-v1",
  "modules": [
    {
      "id": ".",
      "path": ".",
      "file_count": 14,
      "fingerprint": "ec611b560101f56c4f0a703764d302a21a80273421d6f48cf9a7f6f384a52b36"
    },
    {
      "id": ".github",
      "path": ".github",
      "file_count": 6,
      "fingerprint": "20fed4432caa0992800e58357b79691bcf7753b8036914b5fa60170b847c49ef"
    },
    {
      "id": ".vscode",
      "path": ".vscode",
      "file_count": 2,
      "fingerprint": "f0bf8bdd840c667375244e6ab62b12ef40df6648bef134d04d9293630fdc83e9"
    },
    {
      "id": "docs",
      "path": "docs",
      "file_count": 7,
      "fingerprint": "060815abc1b05f6278e4f67cbce86d0f98d785c7cd840a0797b5becb4aa8a7c3"
    },
    {
      "id": "logs",
      "path": "logs",
      "file_count": 1,
      "fingerprint": "def224f3cc3030475f7e6954504b3ae9a1615e893d9d0d3a2d782368586d21b1"
    },
    {
      "id": "plans",
      "path": "plans",
      "file_count": 24,
      "fingerprint": "f179605a6f76f6c87fc9f5883e0f375a22b794e74eb7f88bb71f6ac6b6d7d7f9"
    },
    {
      "id": "public",
      "path": "public",
      "file_count": 9,
      "fingerprint": "bb980484b28970fa10d520e362c45f996d4e8049b0e064bf91bb7b66a71832ca"
    },
    {
      "id": "scripts",
      "path": "scripts",
      "file_count": 3,
      "fingerprint": "f956f488e359112e2ea06f6f70ebe4802039fcb8b3dc2e5d5c953b2c1b1bf9ba"
    },
    {
      "id": "src",
      "path": "src",
      "file_count": 230,
      "fingerprint": "6e1ee3db99823211a1e830711c17897ce84d36fa08529819b8c0a82aef5408f1"
    }
  ]
}
